Microsoft Visual Studio Solution File, Format Version 12.00
# Visual Studio Version 16
VisualStudioVersion = 16.0.29306.81
MinimumVisualStudioVersion = 10.0.40219.1
Project("{FAE04EC0-301F-11D3-BF4B-00C04F79EFBC}") = "Better Chases+", "Better Chases+/Better Chases+.csproj", "{3FA68561-9EEC-46FD-8527-CE2DC3DB60BC}"
EndProject
Global
	GlobalSection(SolutionConfigurationPlatforms) = preSolution
		Debug|Any CPU = Debug|Any CPU
		Release|Any CPU = Release|Any CPU
	EndGlobalSection
	GlobalSection(ProjectConfigurationPlatforms) = postSolution
		{3FA68561-9EEC-46FD-8527-CE2DC3DB60BC}.Debug|Any CPU.ActiveCfg = Debug|Any CPU
		{3FA68561-9EEC-46FD-8527-CE2DC3DB60BC}.Debug|Any CPU.Build.0 = Debug|Any CPU
		{3FA68561-9EEC-46FD-8527-CE2DC3DB60BC}.Release|Any CPU.ActiveCfg = Release|Any CPU
		{3FA68561-9EEC-46FD-8527-CE2DC3DB60BC}.Release|Any CPU.Build.0 = Release|Any CPU
	EndGlobalSection
	GlobalSection(SolutionProperties) = preSolution
		HideSolutionNode = FALSE
	EndGlobalSection
	GlobalSection(ExtensibilityGlobals) = postSolution
		SolutionGuid = {990917BB-4AA1-4284-B401-3DCC4F8829AE}
	EndGlobalSection
EndGlobal
